
Microsoft Visual Studio Solution File, Format Version 12.00
Project("{FAE04EC0-301F-11D3-BF4B-00C04F79EFBC}") = "PluginExpression", "PluginExpression\PluginExpression.csproj", "{01C01729-1867-4C92-B833-E474B0309D6E}"
EndProject
Project("{FAE04EC0-301F-11D3-BF4B-00C04F79EFBC}") = "PluginExpressionTests", "PluginExpressionTests\PluginExpressionTests.csproj", "{05BEBE08-0DD1-4F77-B981-75D075E20ADA}"
EndProject
Global
	GlobalSection(SolutionConfigurationPlatforms) = preSolution
		Debug|Any CPU = Debug|Any CPU
		Release|Any CPU = Release|Any CPU
	EndGlobalSection
	GlobalSection(ProjectConfigurationPlatforms) = postSolution
		{01C01729-1867-4C92-B833-E474B0309D6E}.Debug|Any CPU.ActiveCfg = Debug|Any CPU
		{01C01729-1867-4C92-B833-E474B0309D6E}.Debug|Any CPU.Build.0 = Debug|Any CPU
		{01C01729-1867-4C92-B833-E474B0309D6E}.Release|Any CPU.ActiveCfg = Release|Any CPU
		{01C01729-1867-4C92-B833-E474B0309D6E}.Release|Any CPU.Build.0 = Release|Any CPU
		{05BEBE08-0DD1-4F77-B981-75D075E20ADA}.Debug|Any CPU.ActiveCfg = Debug|Any CPU
		{05BEBE08-0DD1-4F77-B981-75D075E20ADA}.Debug|Any CPU.Build.0 = Debug|Any CPU
		{05BEBE08-0DD1-4F77-B981-75D075E20ADA}.Release|Any CPU.ActiveCfg = Release|Any CPU
		{05BEBE08-0DD1-4F77-B981-75D075E20ADA}.Release|Any CPU.Build.0 = Release|Any CPU
	EndGlobalSection
EndGlobal
